
Microsoft Visual Studio Solution File, Format Version 9.00
# Visual Studio 2005
Project("{8BC9CEB8-8B4A-11D0-8D11-00A0C91BC942}") = "MPA_PPIC_MRC", "MPA_PPIC_MRC.vcproj", "{10035BA2-90F3-403E-9BBC-FD99065A0336}"
EndProject
Global
	GlobalSection(SolutionConfigurationPlatforms) = preSolution
		Debug|Win32 = Debug|Win32
		Release|Win32 = Release|Win32
	EndGlobalSection
	GlobalSection(ProjectConfigurationPlatforms) = postSolution
		{10035BA2-90F3-403E-9BBC-FD99065A0336}.Debug|Win32.ActiveCfg = Debug|Win32
		{10035BA2-90F3-403E-9BBC-FD99065A0336}.Debug|Win32.Build.0 = Debug|Win32
		{10035BA2-90F3-403E-9BBC-FD99065A0336}.Release|Win32.ActiveCfg = Release|Win32
		{10035BA2-90F3-403E-9BBC-FD99065A0336}.Release|Win32.Build.0 = Release|Win32
	EndGlobalSection
	GlobalSection(SolutionProperties) = preSolution
		HideSolutionNode = FALSE
	EndGlobalSection
EndGlobal
