
Microsoft Visual Studio Solution File, Format Version 9.00
# Visual Studio 2005
Project("{8BC9CEB8-8B4A-11D0-8D11-00A0C91BC942}") = "SISO_ICI", "SISO_ICI.vcproj", "{2C08FB37-9873-4D52-8C5A-1C3F75807CBB}"
EndProject
Global
	GlobalSection(SolutionConfigurationPlatforms) = preSolution
		Debug|Win32 = Debug|Win32
		Release|Win32 = Release|Win32
	EndGlobalSection
	GlobalSection(ProjectConfigurationPlatforms) = postSolution
		{2C08FB37-9873-4D52-8C5A-1C3F75807CBB}.Debug|Win32.ActiveCfg = Debug|Win32
		{2C08FB37-9873-4D52-8C5A-1C3F75807CBB}.Debug|Win32.Build.0 = Debug|Win32
		{2C08FB37-9873-4D52-8C5A-1C3F75807CBB}.Release|Win32.ActiveCfg = Release|Win32
		{2C08FB37-9873-4D52-8C5A-1C3F75807CBB}.Release|Win32.Build.0 = Release|Win32
	EndGlobalSection
	GlobalSection(SolutionProperties) = preSolution
		HideSolutionNode = FALSE
	EndGlobalSection
EndGlobal
